{
  "version": 4,
  "terraform_version": "1.13.5",
  "serial": 3,
  "lineage": "5fe186c0-7d33-2af3-3730-001cefcd1c26",
  "outputs": {},
  "resources": [
    {
      "mode": "managed",
      "type": "docker_image",
      "name": "redis",
      "provider": "provider[\"registry.terraform.io/kreuzwerker/docker\"]",
      "instances": [
        {
          "schema_version": 0,
          "attributes": {
            "build": [],
            "force_remove": null,
            "id": "sha256:2355926154447ec75b25666ff5df14d1ab54f8bb4abf731be2fcb818c7a7f145docker.io/redis:6.0.5",
            "image_id": "sha256:2355926154447ec75b25666ff5df14d1ab54f8bb4abf731be2fcb818c7a7f145",
            "keep_locally": null,
            "name": "docker.io/redis:6.0.5",
            "platform": null,
            "pull_triggers": null,
            "repo_digest": "redis@sha256:800f2587bf3376cb01e6307afe599ddce9439deafbd4fb8562829da96085c9c5",
            "triggers": null
          },
          "sensitive_attributes": [],
          "identity_schema_version": 0,
          "private": "bnVsbA=="
        }
      ]
    }
  ],
  "check_results": null
}
